// !$*UTF8*$!
{
	archiveVersion = 1;
	classes = {
	};
	objectVersion = 77;
	objects = {

/* Begin PBXBuildFile section */
		8803F35D2E0AB958000F7784 /* IQKeyboardManagerSwift in Frameworks */ = {isa = PBXBuildFile; productRef = 8803F35C2E0AB958000F7784 /* IQKeyboardManagerSwift */; };
		8803F6112E11CA68000F7784 /* Lottie in Frameworks */ = {isa = PBXBuildFile; productRef = 8803F6102E11CA68000F7784 /* Lottie */; };
		884DAD6D2EB1FDD60088EBA7 /* FirebaseAnalyticsCore in Frameworks */ = {isa = PBXBuildFile; productRef = 884DAD6C2EB1FDD60088EBA7 /* FirebaseAnalyticsCore */; };
		884DAD702EB20F190088EBA7 /* FSCalendar in Frameworks */ = {isa = PBXBuildFile; productRef = 884DAD6F2EB20F190088EBA7 /* FSCalendar */; };
		884F56E62EAF7958000645BE /* FirebaseAnalytics in Frameworks */ = {isa = PBXBuildFile; productRef = 884F56E52EAF7958000645BE /* FirebaseAnalytics */; };
		884F56E82EAF7958000645BE /* FirebaseCore in Frameworks */ = {isa = PBXBuildFile; productRef = 884F56E72EAF7958000645BE /* FirebaseCore */; };
		884F56EA2EAF7958000645BE /* FirebaseCrashlytics in Frameworks */ = {isa = PBXBuildFile; productRef = 884F56E92EAF7958000645BE /* FirebaseCrashlytics */; };
		884F56EF2EAF8F43000645BE /* FirebaseMessaging in Frameworks */ = {isa = PBXBuildFile; productRef = 884F56EE2EAF8F43000645BE /* FirebaseMessaging */; };
		889390E92E5D82880064AFEE /* YouTubeiOSPlayerHelper in Frameworks */ = {isa = PBXBuildFile; productRef = 889390E82E5D82880064AFEE /* YouTubeiOSPlayerHelper */; };
		88BD71232E5362D900CC824D /* Kingfisher in Frameworks */ = {isa = PBXBuildFile; productRef = 88BD71222E5362D900CC824D /* Kingfisher */; };
/* End PBXBuildFile section */

/* Begin PBXFileReference section */
		884DB5D62DFC0394003F154E /* School First.app */ = {isa = PBXFileReference; explicitFileType = wrapper.application; includeInIndex = 0; path = "School First.app"; sourceTree = BUILT_PRODUCTS_DIR; };
/* End PBXFileReference section */

/* Begin PBXFileSystemSynchronizedBuildFileExceptionSet section */
		885E77E82EB5E72400256F9F /* Exceptions for "SchoolFirst" folder in "SchoolFirst" target */ = {
			isa = PBXFileSystemSynchronizedBuildFileExceptionSet;
			membershipExceptions = (
				Info.plist,
			);
			target = 884DB5D52DFC0394003F154E /* SchoolFirst */;
		};
/* End PBXFileSystemSynchronizedBuildFileExceptionSet section */

/* Begin PBXFileSystemSynchronizedRootGroup section */
		884DB5D82DFC0394003F154E /* SchoolFirst */ = {
			isa = PBXFileSystemSynchronizedRootGroup;
			exceptions = (
				885E77E82EB5E72400256F9F /* Exceptions for "SchoolFirst" folder in "SchoolFirst" target */,
			);
			path = SchoolFirst;
			sourceTree = "<group>";
		};
/* End PBXFileSystemSynchronizedRootGroup section */

/* Begin PBXFrameworksBuildPhase section */
		884DB5D32DFC0394003F154E /* Frameworks */ = {
			isa = PBXFrameworksBuildPhase;
			buildActionMask = 2147483647;
			files = (
				884F56EF2EAF8F43000645BE /* FirebaseMessaging in Frameworks */,
				88BD71232E5362D900CC824D /* Kingfisher in Frameworks */,
				8803F35D2E0AB958000F7784 /* IQKeyboardManagerSwift in Frameworks */,
				884DAD702EB20F190088EBA7 /* FSCalendar in Frameworks */,
				8803F6112E11CA68000F7784 /* Lottie in Frameworks */,
				884DAD6D2EB1FDD60088EBA7 /* FirebaseAnalyticsCore in Frameworks */,
				884F56EA2EAF7958000645BE /* FirebaseCrashlytics in Frameworks */,
				884F56E62EAF7958000645BE /* FirebaseAnalytics in Frameworks */,
				884F56E82EAF7958000645BE /* FirebaseCore in Frameworks */,
				889390E92E5D82880064AFEE /* YouTubeiOSPlayerHelper in Frameworks */,
			);
			runOnlyForDeploymentPostprocessing = 0;
		};
/* End PBXFrameworksBuildPhase section */

/* Begin PBXGroup section */
		884DB5CD2DFC0394003F154E = {
			isa = PBXGroup;
			children = (
				884DB5D82DFC0394003F154E /* SchoolFirst */,
				884DB5D72DFC0394003F154E /* Products */,
			);
			sourceTree = "<group>";
		};
		884DB5D72DFC0394003F154E /* Products */ = {
			isa = PBXGroup;
			children = (
				884DB5D62DFC0394003F154E /* School First.app */,
			);
			name = Products;
			sourceTree = "<group>";
		};
/* End PBXGroup section */

/* Begin PBXNativeTarget section */
		884DB5D52DFC0394003F154E /* SchoolFirst */ = {
			isa = PBXNativeTarget;
			buildConfigurationList = 884DB5E92DFC0396003F154E /* Build configuration list for PBXNativeTarget "SchoolFirst" */;
			buildPhases = (
				880D2EC62EBB558A006979A5 /* Copy Firebase Configurations */,
				884DB5D22DFC0394003F154E /* Sources */,
				884DB5D32DFC0394003F154E /* Frameworks */,
				884DB5D42DFC0394003F154E /* Resources */,
				880D2ED02EBB7A80006979A5 /* Upload Crashlytics dSYMs */,
			);
			buildRules = (
			);
			dependencies = (
			);
			fileSystemSynchronizedGroups = (
				884DB5D82DFC0394003F154E /* SchoolFirst */,
			);
			name = SchoolFirst;
			packageProductDependencies = (
				8803F35C2E0AB958000F7784 /* IQKeyboardManagerSwift */,
				8803F6102E11CA68000F7784 /* Lottie */,
				88BD71222E5362D900CC824D /* Kingfisher */,
				889390E82E5D82880064AFEE /* YouTubeiOSPlayerHelper */,
				884F56E52EAF7958000645BE /* FirebaseAnalytics */,
				884F56E72EAF7958000645BE /* FirebaseCore */,
				884F56E92EAF7958000645BE /* FirebaseCrashlytics */,
				884F56EE2EAF8F43000645BE /* FirebaseMessaging */,
				884DAD6C2EB1FDD60088EBA7 /* FirebaseAnalyticsCore */,
				884DAD6F2EB20F190088EBA7 /* FSCalendar */,
			);
			productName = SchoolFirst;
			productReference = 884DB5D62DFC0394003F154E /* School First.app */;
			productType = "com.apple.product-type.application";
		};
/* End PBXNativeTarget section */

/* Begin PBXProject section */
		884DB5CE2DFC0394003F154E /* Project object */ = {
			isa = PBXProject;
			attributes = {
				BuildIndependentTargetsInParallel = 1;
				LastSwiftUpdateCheck = 1620;
				LastUpgradeCheck = 1620;
				TargetAttributes = {
					884DB5D52DFC0394003F154E = {
						CreatedOnToolsVersion = 16.2;
					};
				};
			};
			buildConfigurationList = 884DB5D12DFC0394003F154E /* Build configuration list for PBXProject "SchoolFirst" */;
			developmentRegion = en;
			hasScannedForEncodings = 0;
			knownRegions = (
				en,
				Base,
			);
			mainGroup = 884DB5CD2DFC0394003F154E;
			minimizedProjectReferenceProxies = 1;
			packageReferences = (
				8803F35B2E0AB958000F7784 /* XCRemoteSwiftPackageReference "IQKeyboardManager" */,
				8803F60F2E11CA68000F7784 /* XCRemoteSwiftPackageReference "lottie-spm" */,
				88BD71212E5362D900CC824D /* XCRemoteSwiftPackageReference "Kingfisher" */,
				889390E72E5D82880064AFEE /* XCRemoteSwiftPackageReference "youtube-ios-player-helper" */,
				884F56E42EAF7958000645BE /* XCRemoteSwiftPackageReference "firebase-ios-sdk" */,
				884DAD6E2EB20F190088EBA7 /* XCRemoteSwiftPackageReference "FSCalendar" */,
			);
			preferredProjectObjectVersion = 77;
			productRefGroup = 884DB5D72DFC0394003F154E /* Products */;
			projectDirPath = "";
			projectRoot = "";
			targets = (
				884DB5D52DFC0394003F154E /* SchoolFirst */,
			);
		};
/* End PBXProject section */

/* Begin PBXResourcesBuildPhase section */
		884DB5D42DFC0394003F154E /* Resources */ = {
			isa = PBXResourcesBuildPhase;
			buildActionMask = 2147483647;
			files = (
			);
			runOnlyForDeploymentPostprocessing = 0;
		};
/* End PBXResourcesBuildPhase section */

/* Begin PBXShellScriptBuildPhase section */
		880D2EC62EBB558A006979A5 /* Copy Firebase Configurations */ = {
			isa = PBXShellScriptBuildPhase;
			buildActionMask = 2147483647;
			files = (
			);
			inputFileListPaths = (
			);
			inputPaths = (
				"$(SRCROOT)/SchoolFirst/Configurations/GoogleService-Info-DEV.plist",
				"$(SRCROOT)/SchoolFirst/Configurations/GoogleService-Info-PROD.plist",
			);
			name = "Copy Firebase Configurations";
			outputFileListPaths = (
			);
			outputPaths = (
				"$(TARGET_BUILD_DIR)/$(UNLOCALIZED_RESOURCES_FOLDER_PATH)/GoogleService-Info.plist",
			);
			runOnlyForDeploymentPostprocessing = 0;
			shellPath = /bin/sh;
			shellScript = "# Type a script or drag a script file from your workspace to insert its path.\nset -e  # Exit immediately if a command fails\n\necho \"------------------------------------\"\necho \"🔥 Firebase Config Copy Script\"\necho \"Active configuration: ${CONFIGURATION}\"\necho \"------------------------------------\"\n\n# Path to your Firebase plist files\nCONFIGS_DIR=\"${PROJECT_DIR}/SchoolFirst/Configurations\"\n\n# Destination inside the app bundle (use the resources folder, not the app root)\nDESTINATION=\"${TARGET_BUILD_DIR}/${UNLOCALIZED_RESOURCES_FOLDER_PATH}\"\necho \"Listing config folder contents:\"\nls -l \"${CONFIGS_DIR}\"\n# Remove any old plist first\nrm -f \"${DESTINATION}/GoogleService-Info.plist\"\n\n# Match all your configurations properly\ncase \"${CONFIGURATION}\" in\n    \"Debug Dev\"|\"Release Dev\")\n        cp \"${CONFIGS_DIR}/GoogleService-Info-DEV.plist\" \"${DESTINATION}/GoogleService-Info.plist\"\n        echo \"✅ Copied DEV Firebase config (${CONFIGURATION})\"\n        ;;\n    \"Debug\"|\"Release\")\n        cp \"${CONFIGS_DIR}/GoogleService-Info-PROD.plist\" \"${DESTINATION}/GoogleService-Info.plist\"\n        echo \"✅ Copied PROD Firebase config (${CONFIGURATION})\"\n        ;;\n    *)\n        echo \"⚠️ Unknown configuration: ${CONFIGURATION}\"\n        echo \"Available files in ${CONFIGS_DIR}:\"\n        ls -l \"${CONFIGS_DIR}\"\n        ;;\nesac\n\n# Confirm the file exists\nif [ -f \"${DESTINATION}/GoogleService-Info.plist\" ]; then\n    echo \"📦 Firebase plist copied successfully:\"\n    ls -l \"${DESTINATION}/GoogleService-Info.plist\"\nelse\n    echo \"❌ Firebase plist NOT FOUND in ${DESTINATION}\"\n    exit 1\nfi\n\necho \"------------------------------------\"\n";
		};
		880D2ED02EBB7A80006979A5 /* Upload Crashlytics dSYMs */ = {
			isa = PBXShellScriptBuildPhase;
			alwaysOutOfDate = 1;
			buildActionMask = 2147483647;
			files = (
			);
			inputFileListPaths = (
			);
			inputPaths = (
				"$(PROJECT_DIR)/SchoolFirst/Configurations/GoogleService-Info-DEV.plist",
				"$(PROJECT_DIR)/SchoolFirst/Configurations/GoogleService-Info-PROD.plist",
			);
			name = "Upload Crashlytics dSYMs";
			outputFileListPaths = (
			);
			outputPaths = (
			);
			runOnlyForDeploymentPostprocessing = 0;
			shellPath = /bin/sh;
			shellScript = "# Type a script or drag a script file from your workspace to insert its path.\nset -e\n\necho \"------------------------------------\"\necho \"🔥 Crashlytics dSYM Upload Script (SPM Safe Version)\"\necho \"Active configuration: ${CONFIGURATION}\"\necho \"------------------------------------\"\n\nCONFIGS_DIR=\"${PROJECT_DIR}/SchoolFirst/Configurations\"\nPLIST_PATH=\"\"\nDSYM_PATH=\"\"\n\n# Make sure build dir exists\nif [ ! -d \"${BUILD_DIR}\" ]; then\n  echo \"⚠️ BUILD_DIR missing — creating...\"\n  mkdir -p \"${BUILD_DIR}\"\nfi\n\n# Select Firebase plist file\ncase \"${CONFIGURATION}\" in\n  \"Debug Dev\"|\"Release Dev\")\n    PLIST_PATH=\"${CONFIGS_DIR}/GoogleService-Info-DEV.plist\"\n    ;;\n  \"Debug\"|\"Release\")\n    PLIST_PATH=\"${CONFIGS_DIR}/GoogleService-Info-PROD.plist\"\n    ;;\n  *)\n    echo \"⚠️ Unknown configuration: ${CONFIGURATION}\"\n    ls \"${CONFIGS_DIR}\"\n    exit 0\n    ;;\nesac\n\n# Check plist exists\nif [ ! -f \"${PLIST_PATH}\" ]; then\n  echo \"❌ Firebase plist not found at: ${PLIST_PATH}\"\n  exit 0\nfi\n\n# Wait for dSYM path\nif [ ! -d \"${DWARF_DSYM_FOLDER_PATH}\" ]; then\n  echo \"⚠️ Waiting for dSYM folder...\"\n  \nfi\n\nDSYM_PATH=\"${DWARF_DSYM_FOLDER_PATH}/${DWARF_DSYM_FILE_NAME}\"\n\nif [ ! -d \"${DSYM_PATH}\" ]; then\n  echo \"⚠️ Waiting for dSYM file...\"\n  \nfi\n\n# Crashlytics upload path (SPM)\nCRASHLYTICS_RUN_PATH=\"${BUILD_DIR%/Build/*}/SourcePackages/checkouts/firebase-ios-sdk/Crashlytics/run\"\nif [ ! -f \"${CRASHLYTICS_RUN_PATH}\" ]; then\n  CRASHLYTICS_RUN_PATH=\"${PROJECT_DIR}/SourcePackages/checkouts/firebase-ios-sdk/Crashlytics/run\"\nfi\n\nif [ ! -f \"${CRASHLYTICS_RUN_PATH}\" ]; then\n  echo \"❌ Crashlytics run script not found!\"\n  exit 0\nfi\n\necho \"✅ Using plist: ${PLIST_PATH}\"\necho \"✅ Using dSYM path: ${DSYM_PATH}\"\necho \"✅ Using Crashlytics script: ${CRASHLYTICS_RUN_PATH}\"\n\nsleep 3\n\n\n# ✅ Upload dSYMs\n\n\"${CRASHLYTICS_RUN_PATH}\" \\\n  --google-service-info \"${PLIST_PATH}\" \\\n  --path \"${DWARF_DSYM_FOLDER_PATH}\"\n  \necho \"------------------------------------\"\necho \"✅ Crashlytics dSYM upload complete\"\necho \"------------------------------------\"\n\n# Cleanup\n\n\n\n\n";
		};
/* End PBXShellScriptBuildPhase section */

/* Begin PBXSourcesBuildPhase section */
		884DB5D22DFC0394003F154E /* Sources */ = {
			isa = PBXSourcesBuildPhase;
			buildActionMask = 2147483647;
			files = (
			);
			runOnlyForDeploymentPostprocessing = 0;
		};
/* End PBXSourcesBuildPhase section */

/* Begin XCBuildConfiguration section */
		884DB5EA2DFC0396003F154E /* Debug */ = {
			isa = XCBuildConfiguration;
			baseConfigurationReferenceAnchor = 884DB5D82DFC0394003F154E /* SchoolFirst */;
			baseConfigurationReferenceRelativePath = Configurations/Prod.xcconfig;
			buildSettings = {
				ASSETCATALOG_COMPILER_APPICON_NAME = AppIcon;
				ASSETCATALOG_COMPILER_GLOBAL_ACCENT_COLOR_NAME = AccentColor;
				CODE_SIGN_ENTITLEMENTS = SchoolFirst/SchoolFirst.entitlements;
				CODE_SIGN_STYLE = Automatic;
				CURRENT_PROJECT_VERSION = 1;
				DEVELOPMENT_TEAM = 7CN8AS9ANR;
				ENABLE_USER_SCRIPT_SANDBOXING = NO;
				GENERATE_INFOPLIST_FILE = YES;
				INFOPLIST_FILE = SchoolFirst/Info.plist;
				INFOPLIST_KEY_CFBundleDisplayName = SchoolFirst;
				INFOPLIST_KEY_LSApplicationCategoryType = "public.app-category.education";
				INFOPLIST_KEY_NSCameraUsageDescription = "We need access to your camera to update profile picture.";
				INFOPLIST_KEY_NSPhotoLibraryUsageDescription = "We need access to your photo library to update profile picture.";
				INFOPLIST_KEY_UIApplicationSupportsIndirectInputEvents = YES;
				INFOPLIST_KEY_UILaunchStoryboardName = LaunchScreen;
				INFOPLIST_KEY_UIMainStoryboardFile = Main;
				INFOPLIST_KEY_UISupportedInterfaceOrientations = UIInterfaceOrientationPortrait;
				INFOPLIST_KEY_UISupportedInterfaceOrientations_iPad = "UIInterfaceOrientationLandscapeLeft UIInterfaceOrientationLandscapeRight UIInterfaceOrientationPortrait UIInterfaceOrientationPortraitUpsideDown";
				INFOPLIST_KEY_UIUserInterfaceStyle = Light;
				IPHONEOS_DEPLOYMENT_TARGET = 16;
				LD_RUNPATH_SEARCH_PATHS = (
					"$(inherited)",
					"@executable_path/Frameworks",
				);
				MARKETING_VERSION = 1.18;
				PRODUCT_BUNDLE_IDENTIFIER = "$(app_bundle_identifier)";
				PRODUCT_NAME = "$(app_name)";
				PROVISIONING_PROFILE_SPECIFIER = "";
				SWIFT_ACTIVE_COMPILATION_CONDITIONS = "\nPROD\nPROD\nPROD\nPROD";
				SWIFT_EMIT_LOC_STRINGS = YES;
				SWIFT_VERSION = 5.0;
				TARGETED_DEVICE_FAMILY = "1,2";
			};
			name = Debug;
		};
		884DB5EB2DFC0396003F154E /* Release */ = {
			isa = XCBuildConfiguration;
			baseConfigurationReferenceAnchor = 884DB5D82DFC0394003F154E /* SchoolFirst */;
			baseConfigurationReferenceRelativePath = Configurations/Prod.xcconfig;
			buildSettings = {
				ASSETCATALOG_COMPILER_APPICON_NAME = AppIcon;
				ASSETCATALOG_COMPILER_GLOBAL_ACCENT_COLOR_NAME = AccentColor;
				CODE_SIGN_ENTITLEMENTS = SchoolFirst/SchoolFirst.entitlements;
				CODE_SIGN_STYLE = Automatic;
				CURRENT_PROJECT_VERSION = 1;
				DEVELOPMENT_TEAM = 7CN8AS9ANR;
				ENABLE_USER_SCRIPT_SANDBOXING = NO;
				GENERATE_INFOPLIST_FILE = YES;
				INFOPLIST_FILE = SchoolFirst/Info.plist;
				INFOPLIST_KEY_CFBundleDisplayName = SchoolFirst;
				INFOPLIST_KEY_LSApplicationCategoryType = "public.app-category.education";
				INFOPLIST_KEY_NSCameraUsageDescription = "We need access to your camera to update profile picture.";
				INFOPLIST_KEY_NSPhotoLibraryUsageDescription = "We need access to your photo library to update profile picture.";
				INFOPLIST_KEY_UIApplicationSupportsIndirectInputEvents = YES;
				INFOPLIST_KEY_UILaunchStoryboardName = LaunchScreen;
				INFOPLIST_KEY_UIMainStoryboardFile = Main;
				INFOPLIST_KEY_UISupportedInterfaceOrientations = UIInterfaceOrientationPortrait;
				INFOPLIST_KEY_UISupportedInterfaceOrientations_iPad = "UIInterfaceOrientationLandscapeLeft UIInterfaceOrientationLandscapeRight UIInterfaceOrientationPortrait UIInterfaceOrientationPortraitUpsideDown";
				INFOPLIST_KEY_UIUserInterfaceStyle = Light;
				IPHONEOS_DEPLOYMENT_TARGET = 16;
				LD_RUNPATH_SEARCH_PATHS = (
					"$(inherited)",
					"@executable_path/Frameworks",
				);
				MARKETING_VERSION = 1.18;
				PRODUCT_BUNDLE_IDENTIFIER = "$(app_bundle_identifier)";
				PRODUCT_NAME = "$(app_name)";
				PROVISIONING_PROFILE_SPECIFIER = "";
				SWIFT_ACTIVE_COMPILATION_CONDITIONS = PROD;
				SWIFT_EMIT_LOC_STRINGS = YES;
				SWIFT_VERSION = 5.0;
				TARGETED_DEVICE_FAMILY = "1,2";
			};
			name = Release;
		};
		884DB5EC2DFC0396003F154E /* Debug */ = {
			isa = XCBuildConfiguration;
			baseConfigurationReferenceAnchor = 884DB5D82DFC0394003F154E /* SchoolFirst */;
			baseConfigurationReferenceRelativePath = Configurations/Prod.xcconfig;
			buildSettings = {
				ALWAYS_SEARCH_USER_PATHS = NO;
				ASSETCATALOG_COMPILER_GENERATE_SWIFT_ASSET_SYMBOL_EXTENSIONS = YES;
				CLANG_ANALYZER_NONNULL = YES;
				CLANG_ANALYZER_NUMBER_OBJECT_CONVERSION = YES_AGGRESSIVE;
				CLANG_CXX_LANGUAGE_STANDARD = "gnu++20";
				CLANG_ENABLE_MODULES = YES;
				CLANG_ENABLE_OBJC_ARC = YES;
				CLANG_ENABLE_OBJC_WEAK = YES;
				CLANG_WARN_BLOCK_CAPTURE_AUTORELEASING = YES;
				CLANG_WARN_BOOL_CONVERSION = YES;
				CLANG_WARN_COMMA = YES;
				CLANG_WARN_CONSTANT_CONVERSION = YES;
				CLANG_WARN_DEPRECATED_OBJC_IMPLEMENTATIONS = YES;
				CLANG_WARN_DIRECT_OBJC_ISA_USAGE = YES_ERROR;
				CLANG_WARN_DOCUMENTATION_COMMENTS = YES;
				CLANG_WARN_EMPTY_BODY = YES;
				CLANG_WARN_ENUM_CONVERSION = YES;
				CLANG_WARN_INFINITE_RECURSION = YES;
				CLANG_WARN_INT_CONVERSION = YES;
				CLANG_WARN_NON_LITERAL_NULL_CONVERSION = YES;
				CLANG_WARN_OBJC_IMPLICIT_RETAIN_SELF = YES;
				CLANG_WARN_OBJC_LITERAL_CONVERSION = YES;
				CLANG_WARN_OBJC_ROOT_CLASS = YES_ERROR;
				CLANG_WARN_QUOTED_INCLUDE_IN_FRAMEWORK_HEADER = YES;
				CLANG_WARN_RANGE_LOOP_ANALYSIS = YES;
				CLANG_WARN_STRICT_PROTOTYPES = YES;
				CLANG_WARN_SUSPICIOUS_MOVE = YES;
				CLANG_WARN_UNGUARDED_AVAILABILITY = YES_AGGRESSIVE;
				CLANG_WARN_UNREACHABLE_CODE = YES;
				CLANG_WARN__DUPLICATE_METHOD_MATCH = YES;
				COPY_PHASE_STRIP = NO;
				DEBUG_INFORMATION_FORMAT = dwarf;
				ENABLE_STRICT_OBJC_MSGSEND = YES;
				ENABLE_TESTABILITY = YES;
				ENABLE_USER_SCRIPT_SANDBOXING = YES;
				GCC_C_LANGUAGE_STANDARD = gnu17;
				GCC_DYNAMIC_NO_PIC = NO;
				GCC_NO_COMMON_BLOCKS = YES;
				GCC_OPTIMIZATION_LEVEL = 0;
				GCC_PREPROCESSOR_DEFINITIONS = (
					"DEBUG=1",
					"$(inherited)",
				);
				GCC_WARN_64_TO_32_BIT_CONVERSION = YES;
				GCC_WARN_ABOUT_RETURN_TYPE = YES_ERROR;
				GCC_WARN_UNDECLARED_SELECTOR = YES;
				GCC_WARN_UNINITIALIZED_AUTOS = YES_AGGRESSIVE;
				GCC_WARN_UNUSED_FUNCTION = YES;
				GCC_WARN_UNUSED_VARIABLE = YES;
				IPHONEOS_DEPLOYMENT_TARGET = 18.2;
				LOCALIZATION_PREFERS_STRING_CATALOGS = YES;
				MTL_ENABLE_DEBUG_INFO = INCLUDE_SOURCE;
				MTL_FAST_MATH = YES;
				ONLY_ACTIVE_ARCH = YES;
				SDKROOT = iphoneos;
				SWIFT_ACTIVE_COMPILATION_CONDITIONS = "";
				SWIFT_OPTIMIZATION_LEVEL = "-Onone";
			};
			name = Debug;
		};
		884DB5ED2DFC0396003F154E /* Release */ = {
			isa = XCBuildConfiguration;
			baseConfigurationReferenceAnchor = 884DB5D82DFC0394003F154E /* SchoolFirst */;
			baseConfigurationReferenceRelativePath = Configurations/Prod.xcconfig;
			buildSettings = {
				ALWAYS_SEARCH_USER_PATHS = NO;
				ASSETCATALOG_COMPILER_GENERATE_SWIFT_ASSET_SYMBOL_EXTENSIONS = YES;
				CLANG_ANALYZER_NONNULL = YES;
				CLANG_ANALYZER_NUMBER_OBJECT_CONVERSION = YES_AGGRESSIVE;
				CLANG_CXX_LANGUAGE_STANDARD = "gnu++20";
				CLANG_ENABLE_MODULES = YES;
				CLANG_ENABLE_OBJC_ARC = YES;
				CLANG_ENABLE_OBJC_WEAK = YES;
				CLANG_WARN_BLOCK_CAPTURE_AUTORELEASING = YES;
				CLANG_WARN_BOOL_CONVERSION = YES;
				CLANG_WARN_COMMA = YES;
				CLANG_WARN_CONSTANT_CONVERSION = YES;
				CLANG_WARN_DEPRECATED_OBJC_IMPLEMENTATIONS = YES;
				CLANG_WARN_DIRECT_OBJC_ISA_USAGE = YES_ERROR;
				CLANG_WARN_DOCUMENTATION_COMMENTS = YES;
				CLANG_WARN_EMPTY_BODY = YES;
				CLANG_WARN_ENUM_CONVERSION = YES;
				CLANG_WARN_INFINITE_RECURSION = YES;
				CLANG_WARN_INT_CONVERSION = YES;
				CLANG_WARN_NON_LITERAL_NULL_CONVERSION = YES;
				CLANG_WARN_OBJC_IMPLICIT_RETAIN_SELF = YES;
				CLANG_WARN_OBJC_LITERAL_CONVERSION = YES;
				CLANG_WARN_OBJC_ROOT_CLASS = YES_ERROR;
				CLANG_WARN_QUOTED_INCLUDE_IN_FRAMEWORK_HEADER = YES;
				CLANG_WARN_RANGE_LOOP_ANALYSIS = YES;
				CLANG_WARN_STRICT_PROTOTYPES = YES;
				CLANG_WARN_SUSPICIOUS_MOVE = YES;
				CLANG_WARN_UNGUARDED_AVAILABILITY = YES_AGGRESSIVE;
				CLANG_WARN_UNREACHABLE_CODE = YES;
				CLANG_WARN__DUPLICATE_METHOD_MATCH = YES;
				COPY_PHASE_STRIP = NO;
				DEBUG_INFORMATION_FORMAT = "dwarf-with-dsym";
				ENABLE_NS_ASSERTIONS = NO;
				ENABLE_STRICT_OBJC_MSGSEND = YES;
				ENABLE_USER_SCRIPT_SANDBOXING = YES;
				GCC_C_LANGUAGE_STANDARD = gnu17;
				GCC_NO_COMMON_BLOCKS = YES;
				GCC_WARN_64_TO_32_BIT_CONVERSION = YES;
				GCC_WARN_ABOUT_RETURN_TYPE = YES_ERROR;
				GCC_WARN_UNDECLARED_SELECTOR = YES;
				GCC_WARN_UNINITIALIZED_AUTOS = YES_AGGRESSIVE;
				GCC_WARN_UNUSED_FUNCTION = YES;
				GCC_WARN_UNUSED_VARIABLE = YES;
				IPHONEOS_DEPLOYMENT_TARGET = 18.2;
				LOCALIZATION_PREFERS_STRING_CATALOGS = YES;
				MTL_ENABLE_DEBUG_INFO = NO;
				MTL_FAST_MATH = YES;
				SDKROOT = iphoneos;
				SWIFT_ACTIVE_COMPILATION_CONDITIONS = PROD;
				SWIFT_COMPILATION_MODE = wholemodule;
				SWIFT_OPTIMIZATION_LEVEL = "-Onone";
				VALIDATE_PRODUCT = YES;
			};
			name = Release;
		};
		884DB5EE2DFC0B3F003F154E /* Debug Dev */ = {
			isa = XCBuildConfiguration;
			baseConfigurationReferenceAnchor = 884DB5D82DFC0394003F154E /* SchoolFirst */;
			baseConfigurationReferenceRelativePath = Configurations/Dev.xcconfig;
			buildSettings = {
				ALWAYS_SEARCH_USER_PATHS = NO;
				ASSETCATALOG_COMPILER_GENERATE_SWIFT_ASSET_SYMBOL_EXTENSIONS = YES;
				CLANG_ANALYZER_NONNULL = YES;
				CLANG_ANALYZER_NUMBER_OBJECT_CONVERSION = YES_AGGRESSIVE;
				CLANG_CXX_LANGUAGE_STANDARD = "gnu++20";
				CLANG_ENABLE_MODULES = YES;
				CLANG_ENABLE_OBJC_ARC = YES;
				CLANG_ENABLE_OBJC_WEAK = YES;
				CLANG_WARN_BLOCK_CAPTURE_AUTORELEASING = YES;
				CLANG_WARN_BOOL_CONVERSION = YES;
				CLANG_WARN_COMMA = YES;
				CLANG_WARN_CONSTANT_CONVERSION = YES;
				CLANG_WARN_DEPRECATED_OBJC_IMPLEMENTATIONS = YES;
				CLANG_WARN_DIRECT_OBJC_ISA_USAGE = YES_ERROR;
				CLANG_WARN_DOCUMENTATION_COMMENTS = YES;
				CLANG_WARN_EMPTY_BODY = YES;
				CLANG_WARN_ENUM_CONVERSION = YES;
				CLANG_WARN_INFINITE_RECURSION = YES;
				CLANG_WARN_INT_CONVERSION = YES;
				CLANG_WARN_NON_LITERAL_NULL_CONVERSION = YES;
				CLANG_WARN_OBJC_IMPLICIT_RETAIN_SELF = YES;
				CLANG_WARN_OBJC_LITERAL_CONVERSION = YES;
				CLANG_WARN_OBJC_ROOT_CLASS = YES_ERROR;
				CLANG_WARN_QUOTED_INCLUDE_IN_FRAMEWORK_HEADER = YES;
				CLANG_WARN_RANGE_LOOP_ANALYSIS = YES;
				CLANG_WARN_STRICT_PROTOTYPES = YES;
				CLANG_WARN_SUSPICIOUS_MOVE = YES;
				CLANG_WARN_UNGUARDED_AVAILABILITY = YES_AGGRESSIVE;
				CLANG_WARN_UNREACHABLE_CODE = YES;
				CLANG_WARN__DUPLICATE_METHOD_MATCH = YES;
				COPY_PHASE_STRIP = NO;
				DEBUG_INFORMATION_FORMAT = dwarf;
				ENABLE_STRICT_OBJC_MSGSEND = YES;
				ENABLE_TESTABILITY = YES;
				ENABLE_USER_SCRIPT_SANDBOXING = YES;
				GCC_C_LANGUAGE_STANDARD = gnu17;
				GCC_DYNAMIC_NO_PIC = NO;
				GCC_NO_COMMON_BLOCKS = YES;
				GCC_OPTIMIZATION_LEVEL = 0;
				GCC_PREPROCESSOR_DEFINITIONS = (
					"DEBUG=1",
					"$(inherited)",
				);
				GCC_WARN_64_TO_32_BIT_CONVERSION = YES;
				GCC_WARN_ABOUT_RETURN_TYPE = YES_ERROR;
				GCC_WARN_UNDECLARED_SELECTOR = YES;
				GCC_WARN_UNINITIALIZED_AUTOS = YES_AGGRESSIVE;
				GCC_WARN_UNUSED_FUNCTION = YES;
				GCC_WARN_UNUSED_VARIABLE = YES;
				IPHONEOS_DEPLOYMENT_TARGET = 18.2;
				LOCALIZATION_PREFERS_STRING_CATALOGS = YES;
				MTL_ENABLE_DEBUG_INFO = INCLUDE_SOURCE;
				MTL_FAST_MATH = YES;
				ONLY_ACTIVE_ARCH = YES;
				SDKROOT = iphoneos;
				SWIFT_ACTIVE_COMPILATION_CONDITIONS = DEV;
				SWIFT_OPTIMIZATION_LEVEL = "-Onone";
			};
			name = "Debug Dev";
		};
		884DB5EF2DFC0B3F003F154E /* Debug Dev */ = {
			isa = XCBuildConfiguration;
			baseConfigurationReferenceAnchor = 884DB5D82DFC0394003F154E /* SchoolFirst */;
			baseConfigurationReferenceRelativePath = Configurations/Dev.xcconfig;
			buildSettings = {
				ASSETCATALOG_COMPILER_APPICON_NAME = AppIcon;
				ASSETCATALOG_COMPILER_GLOBAL_ACCENT_COLOR_NAME = AccentColor;
				CODE_SIGN_ENTITLEMENTS = SchoolFirst/SchoolFirst.entitlements;
				CODE_SIGN_STYLE = Automatic;
				CURRENT_PROJECT_VERSION = 1;
				DEVELOPMENT_TEAM = 7CN8AS9ANR;
				ENABLE_USER_SCRIPT_SANDBOXING = NO;
				GENERATE_INFOPLIST_FILE = YES;
				INFOPLIST_FILE = SchoolFirst/Info.plist;
				INFOPLIST_KEY_CFBundleDisplayName = SchoolFirst;
				INFOPLIST_KEY_LSApplicationCategoryType = "public.app-category.education";
				INFOPLIST_KEY_NSCameraUsageDescription = "We need access to your camera to update profile picture.";
				INFOPLIST_KEY_NSPhotoLibraryUsageDescription = "We need access to your photo library to update profile picture.";
				INFOPLIST_KEY_UIApplicationSupportsIndirectInputEvents = YES;
				INFOPLIST_KEY_UILaunchStoryboardName = LaunchScreen;
				INFOPLIST_KEY_UIMainStoryboardFile = Main;
				INFOPLIST_KEY_UISupportedInterfaceOrientations = UIInterfaceOrientationPortrait;
				INFOPLIST_KEY_UISupportedInterfaceOrientations_iPad = "UIInterfaceOrientationLandscapeLeft UIInterfaceOrientationLandscapeRight UIInterfaceOrientationPortrait UIInterfaceOrientationPortraitUpsideDown";
				INFOPLIST_KEY_UIUserInterfaceStyle = Light;
				IPHONEOS_DEPLOYMENT_TARGET = 16;
				LD_RUNPATH_SEARCH_PATHS = (
					"$(inherited)",
					"@executable_path/Frameworks",
				);
				MARKETING_VERSION = 1.18;
				PRODUCT_BUNDLE_IDENTIFIER = "$(app_bundle_identifier)";
				PRODUCT_NAME = "$(app_name)";
				SWIFT_EMIT_LOC_STRINGS = YES;
				SWIFT_VERSION = 5.0;
				TARGETED_DEVICE_FAMILY = "1,2";
			};
			name = "Debug Dev";
		};
		884DB5F02DFC0B47003F154E /* Release Dev */ = {
			isa = XCBuildConfiguration;
			baseConfigurationReferenceAnchor = 884DB5D82DFC0394003F154E /* SchoolFirst */;
			baseConfigurationReferenceRelativePath = Configurations/Dev.xcconfig;
			buildSettings = {
				ALWAYS_SEARCH_USER_PATHS = NO;
				ASSETCATALOG_COMPILER_GENERATE_SWIFT_ASSET_SYMBOL_EXTENSIONS = YES;
				CLANG_ANALYZER_NONNULL = YES;
				CLANG_ANALYZER_NUMBER_OBJECT_CONVERSION = YES_AGGRESSIVE;
				CLANG_CXX_LANGUAGE_STANDARD = "gnu++20";
				CLANG_ENABLE_MODULES = YES;
				CLANG_ENABLE_OBJC_ARC = YES;
				CLANG_ENABLE_OBJC_WEAK = YES;
				CLANG_WARN_BLOCK_CAPTURE_AUTORELEASING = YES;
				CLANG_WARN_BOOL_CONVERSION = YES;
				CLANG_WARN_COMMA = YES;
				CLANG_WARN_CONSTANT_CONVERSION = YES;
				CLANG_WARN_DEPRECATED_OBJC_IMPLEMENTATIONS = YES;
				CLANG_WARN_DIRECT_OBJC_ISA_USAGE = YES_ERROR;
				CLANG_WARN_DOCUMENTATION_COMMENTS = YES;
				CLANG_WARN_EMPTY_BODY = YES;
				CLANG_WARN_ENUM_CONVERSION = YES;
				CLANG_WARN_INFINITE_RECURSION = YES;
				CLANG_WARN_INT_CONVERSION = YES;
				CLANG_WARN_NON_LITERAL_NULL_CONVERSION = YES;
				CLANG_WARN_OBJC_IMPLICIT_RETAIN_SELF = YES;
				CLANG_WARN_OBJC_LITERAL_CONVERSION = YES;
				CLANG_WARN_OBJC_ROOT_CLASS = YES_ERROR;
				CLANG_WARN_QUOTED_INCLUDE_IN_FRAMEWORK_HEADER = YES;
				CLANG_WARN_RANGE_LOOP_ANALYSIS = YES;
				CLANG_WARN_STRICT_PROTOTYPES = YES;
				CLANG_WARN_SUSPICIOUS_MOVE = YES;
				CLANG_WARN_UNGUARDED_AVAILABILITY = YES_AGGRESSIVE;
				CLANG_WARN_UNREACHABLE_CODE = YES;
				CLANG_WARN__DUPLICATE_METHOD_MATCH = YES;
				COPY_PHASE_STRIP = NO;
				DEBUG_INFORMATION_FORMAT = "dwarf-with-dsym";
				ENABLE_NS_ASSERTIONS = NO;
				ENABLE_STRICT_OBJC_MSGSEND = YES;
				ENABLE_USER_SCRIPT_SANDBOXING = YES;
				GCC_C_LANGUAGE_STANDARD = gnu17;
				GCC_NO_COMMON_BLOCKS = YES;
				GCC_WARN_64_TO_32_BIT_CONVERSION = YES;
				GCC_WARN_ABOUT_RETURN_TYPE = YES_ERROR;
				GCC_WARN_UNDECLARED_SELECTOR = YES;
				GCC_WARN_UNINITIALIZED_AUTOS = YES_AGGRESSIVE;
				GCC_WARN_UNUSED_FUNCTION = YES;
				GCC_WARN_UNUSED_VARIABLE = YES;
				IPHONEOS_DEPLOYMENT_TARGET = 18.2;
				LOCALIZATION_PREFERS_STRING_CATALOGS = YES;
				MTL_ENABLE_DEBUG_INFO = NO;
				MTL_FAST_MATH = YES;
				SDKROOT = iphoneos;
				SWIFT_ACTIVE_COMPILATION_CONDITIONS = DEV;
				SWIFT_COMPILATION_MODE = wholemodule;
				SWIFT_OPTIMIZATION_LEVEL = "-Onone";
				VALIDATE_PRODUCT = YES;
			};
			name = "Release Dev";
		};
		884DB5F12DFC0B47003F154E /* Release Dev */ = {
			isa = XCBuildConfiguration;
			baseConfigurationReferenceAnchor = 884DB5D82DFC0394003F154E /* SchoolFirst */;
			baseConfigurationReferenceRelativePath = Configurations/Dev.xcconfig;
			buildSettings = {
				ASSETCATALOG_COMPILER_APPICON_NAME = AppIcon;
				ASSETCATALOG_COMPILER_GLOBAL_ACCENT_COLOR_NAME = AccentColor;
				CODE_SIGN_ENTITLEMENTS = SchoolFirst/SchoolFirst.entitlements;
				CODE_SIGN_STYLE = Automatic;
				CURRENT_PROJECT_VERSION = 1;
				DEVELOPMENT_TEAM = 7CN8AS9ANR;
				ENABLE_USER_SCRIPT_SANDBOXING = NO;
				GENERATE_INFOPLIST_FILE = YES;
				INFOPLIST_FILE = SchoolFirst/Info.plist;
				INFOPLIST_KEY_CFBundleDisplayName = SchoolFirst;
				INFOPLIST_KEY_LSApplicationCategoryType = "public.app-category.education";
				INFOPLIST_KEY_NSCameraUsageDescription = "We need access to your camera to update profile picture.";
				INFOPLIST_KEY_NSPhotoLibraryUsageDescription = "We need access to your photo library to update profile picture.";
				INFOPLIST_KEY_UIApplicationSupportsIndirectInputEvents = YES;
				INFOPLIST_KEY_UILaunchStoryboardName = LaunchScreen;
				INFOPLIST_KEY_UIMainStoryboardFile = Main;
				INFOPLIST_KEY_UISupportedInterfaceOrientations = UIInterfaceOrientationPortrait;
				INFOPLIST_KEY_UISupportedInterfaceOrientations_iPad = "UIInterfaceOrientationLandscapeLeft UIInterfaceOrientationLandscapeRight UIInterfaceOrientationPortrait UIInterfaceOrientationPortraitUpsideDown";
				INFOPLIST_KEY_UIUserInterfaceStyle = Light;
				IPHONEOS_DEPLOYMENT_TARGET = 16;
				LD_RUNPATH_SEARCH_PATHS = (
					"$(inherited)",
					"@executable_path/Frameworks",
				);
				MARKETING_VERSION = 1.18;
				PRODUCT_BUNDLE_IDENTIFIER = "$(app_bundle_identifier)";
				PRODUCT_NAME = "$(app_name)";
				SWIFT_ACTIVE_COMPILATION_CONDITIONS = DEV;
				SWIFT_EMIT_LOC_STRINGS = YES;
				SWIFT_VERSION = 5.0;
				TARGETED_DEVICE_FAMILY = "1,2";
			};
			name = "Release Dev";
		};
/* End XCBuildConfiguration section */

/* Begin XCConfigurationList section */
		884DB5D12DFC0394003F154E /* Build configuration list for PBXProject "SchoolFirst" */ = {
			isa = XCConfigurationList;
			buildConfigurations = (
				884DB5EC2DFC0396003F154E /* Debug */,
				884DB5EE2DFC0B3F003F154E /* Debug Dev */,
				884DB5ED2DFC0396003F154E /* Release */,
				884DB5F02DFC0B47003F154E /* Release Dev */,
			);
			defaultConfigurationIsVisible = 0;
			defaultConfigurationName = Release;
		};
		884DB5E92DFC0396003F154E /* Build configuration list for PBXNativeTarget "SchoolFirst" */ = {
			isa = XCConfigurationList;
			buildConfigurations = (
				884DB5EA2DFC0396003F154E /* Debug */,
				884DB5EF2DFC0B3F003F154E /* Debug Dev */,
				884DB5EB2DFC0396003F154E /* Release */,
				884DB5F12DFC0B47003F154E /* Release Dev */,
			);
			defaultConfigurationIsVisible = 0;
			defaultConfigurationName = Release;
		};
/* End XCConfigurationList section */

/* Begin XCRemoteSwiftPackageReference section */
		8803F35B2E0AB958000F7784 /* XCRemoteSwiftPackageReference "IQKeyboardManager" */ = {
			isa = XCRemoteSwiftPackageReference;
			repositoryURL = "https://github.com/hackiftekhar/IQKeyboardManager.git";
			requirement = {
				kind = upToNextMajorVersion;
				minimumVersion = 8.0.1;
			};
		};
		8803F60F2E11CA68000F7784 /* XCRemoteSwiftPackageReference "lottie-spm" */ = {
			isa = XCRemoteSwiftPackageReference;
			repositoryURL = "https://github.com/airbnb/lottie-spm";
			requirement = {
				kind = upToNextMajorVersion;
				minimumVersion = 4.5.2;
			};
		};
		884DAD6E2EB20F190088EBA7 /* XCRemoteSwiftPackageReference "FSCalendar" */ = {
			isa = XCRemoteSwiftPackageReference;
			repositoryURL = "https://github.com/WenchaoD/FSCalendar";
			requirement = {
				kind = upToNextMajorVersion;
				minimumVersion = 2.8.4;
			};
		};
		884F56E42EAF7958000645BE /* XCRemoteSwiftPackageReference "firebase-ios-sdk" */ = {
			isa = XCRemoteSwiftPackageReference;
			repositoryURL = "https://github.com/firebase/firebase-ios-sdk";
			requirement = {
				kind = upToNextMajorVersion;
				minimumVersion = 12.4.0;
			};
		};
		889390E72E5D82880064AFEE /* XCRemoteSwiftPackageReference "youtube-ios-player-helper" */ = {
			isa = XCRemoteSwiftPackageReference;
			repositoryURL = "https://github.com/youtube/youtube-ios-player-helper.git";
			requirement = {
				kind = upToNextMajorVersion;
				minimumVersion = 1.0.4;
			};
		};
		88BD71212E5362D900CC824D /* XCRemoteSwiftPackageReference "Kingfisher" */ = {
			isa = XCRemoteSwiftPackageReference;
			repositoryURL = "https://github.com/onevcat/Kingfisher.git";
			requirement = {
				kind = upToNextMajorVersion;
				minimumVersion = 8.5.0;
			};
		};
/* End XCRemoteSwiftPackageReference section */

/* Begin XCSwiftPackageProductDependency section */
		8803F35C2E0AB958000F7784 /* IQKeyboardManagerSwift */ = {
			isa = XCSwiftPackageProductDependency;
			package = 8803F35B2E0AB958000F7784 /* XCRemoteSwiftPackageReference "IQKeyboardManager" */;
			productName = IQKeyboardManagerSwift;
		};
		8803F6102E11CA68000F7784 /* Lottie */ = {
			isa = XCSwiftPackageProductDependency;
			package = 8803F60F2E11CA68000F7784 /* XCRemoteSwiftPackageReference "lottie-spm" */;
			productName = Lottie;
		};
		884DAD6C2EB1FDD60088EBA7 /* FirebaseAnalyticsCore */ = {
			isa = XCSwiftPackageProductDependency;
			package = 884F56E42EAF7958000645BE /* XCRemoteSwiftPackageReference "firebase-ios-sdk" */;
			productName = FirebaseAnalyticsCore;
		};
		884DAD6F2EB20F190088EBA7 /* FSCalendar */ = {
			isa = XCSwiftPackageProductDependency;
			package = 884DAD6E2EB20F190088EBA7 /* XCRemoteSwiftPackageReference "FSCalendar" */;
			productName = FSCalendar;
		};
		884F56E52EAF7958000645BE /* FirebaseAnalytics */ = {
			isa = XCSwiftPackageProductDependency;
			package = 884F56E42EAF7958000645BE /* XCRemoteSwiftPackageReference "firebase-ios-sdk" */;
			productName = FirebaseAnalytics;
		};
		884F56E72EAF7958000645BE /* FirebaseCore */ = {
			isa = XCSwiftPackageProductDependency;
			package = 884F56E42EAF7958000645BE /* XCRemoteSwiftPackageReference "firebase-ios-sdk" */;
			productName = FirebaseCore;
		};
		884F56E92EAF7958000645BE /* FirebaseCrashlytics */ = {
			isa = XCSwiftPackageProductDependency;
			package = 884F56E42EAF7958000645BE /* XCRemoteSwiftPackageReference "firebase-ios-sdk" */;
			productName = FirebaseCrashlytics;
		};
		884F56EE2EAF8F43000645BE /* FirebaseMessaging */ = {
			isa = XCSwiftPackageProductDependency;
			package = 884F56E42EAF7958000645BE /* XCRemoteSwiftPackageReference "firebase-ios-sdk" */;
			productName = FirebaseMessaging;
		};
		889390E82E5D82880064AFEE /* YouTubeiOSPlayerHelper */ = {
			isa = XCSwiftPackageProductDependency;
			package = 889390E72E5D82880064AFEE /* XCRemoteSwiftPackageReference "youtube-ios-player-helper" */;
			productName = YouTubeiOSPlayerHelper;
		};
		88BD71222E5362D900CC824D /* Kingfisher */ = {
			isa = XCSwiftPackageProductDependency;
			package = 88BD71212E5362D900CC824D /* XCRemoteSwiftPackageReference "Kingfisher" */;
			productName = Kingfisher;
		};
/* End XCSwiftPackageProductDependency section */
	};
	rootObject = 884DB5CE2DFC0394003F154E /* Project object */;
}
